
Microsoft Visual Studio Solution File, Format Version 12.00
# Visual Studio Version 17
VisualStudioVersion = 17.2.32526.322
MinimumVisualStudioVersion = 10.0.40219.1
Project("{FAE04EC0-301F-11D3-BF4B-00C04F79EFBC}") = "Exercise1_DatabasePerpustakaanUmum", "Exercise1_DatabasePerpustakaanUmum\Exercise1_DatabasePerpustakaanUmum.csproj", "{278BF4AA-277F-4EA3-AEEB-51E8276AD8DE}"
EndProject
Global
	GlobalSection(SolutionConfigurationPlatforms) = preSolution
		Debug|Any CPU = Debug|Any CPU
		Release|Any CPU = Release|Any CPU
	EndGlobalSection
	GlobalSection(ProjectConfigurationPlatforms) = postSolution
		{278BF4AA-277F-4EA3-AEEB-51E8276AD8DE}.Debug|Any CPU.ActiveCfg = Debug|Any CPU
		{278BF4AA-277F-4EA3-AEEB-51E8276AD8DE}.Debug|Any CPU.Build.0 = Debug|Any CPU
		{278BF4AA-277F-4EA3-AEEB-51E8276AD8DE}.Release|Any CPU.ActiveCfg = Release|Any CPU
		{278BF4AA-277F-4EA3-AEEB-51E8276AD8DE}.Release|Any CPU.Build.0 = Release|Any CPU
	EndGlobalSection
	GlobalSection(SolutionProperties) = preSolution
		HideSolutionNode = FALSE
	EndGlobalSection
	GlobalSection(ExtensibilityGlobals) = postSolution
		SolutionGuid = {99CA3289-38E7-455D-8684-5DEABBD8A6C9}
	EndGlobalSection
EndGlobal
